
Microsoft Visual Studio Solution File, Format Version 11.00
# Visual Studio 2010
Project("{FAE04EC0-301F-11D3-BF4B-00C04F79EFBC}") = "QLKS_Ktra02", "QLKS_Ktra02\QLKS_Ktra02.csproj", "{FA583F43-EA09-45A4-8054-C83F615124C3}"
EndProject
Global
	GlobalSection(SolutionConfigurationPlatforms) = preSolution
		Debug|x86 = Debug|x86
		Release|x86 = Release|x86
	EndGlobalSection
	GlobalSection(ProjectConfigurationPlatforms) = postSolution
		{FA583F43-EA09-45A4-8054-C83F615124C3}.Debug|x86.ActiveCfg = Debug|x86
		{FA583F43-EA09-45A4-8054-C83F615124C3}.Debug|x86.Build.0 = Debug|x86
		{FA583F43-EA09-45A4-8054-C83F615124C3}.Release|x86.ActiveCfg = Release|x86
		{FA583F43-EA09-45A4-8054-C83F615124C3}.Release|x86.Build.0 = Release|x86
	EndGlobalSection
	GlobalSection(SolutionProperties) = preSolution
		HideSolutionNode = FALSE
	EndGlobalSection
EndGlobal
